// !$*UTF8*$!
{
	archiveVersion = 1;
	classes = {
	};
	objectVersion = 46;
	objects = {

/* Begin PBXBuildFile section */
		A643F53C1E281AF0000DF7E8 /* AppDelegate.swift in Sources */ = {isa = PBXBuildFile; fileRef = A643F53B1E281AF0000DF7E8 /* AppDelegate.swift */; };
		A643F53E1E281AF0000DF7E8 /* MasterViewController.swift in Sources */ = {isa = PBXBuildFile; fileRef = A643F53D1E281AF0000DF7E8 /* MasterViewController.swift */; };
		A643F5461E281AF0000DF7E8 /* LaunchScreen.storyboard in Resources */ = {isa = PBXBuildFile; fileRef = A643F5441E281AF0000DF7E8 /* LaunchScreen.storyboard */; };
		A643F55D1E28212E000DF7E8 /* icon_114.png in Resources */ = {isa = PBXBuildFile; fileRef = A643F5591E28212E000DF7E8 /* icon_114.png */; };
		A643F5611E28225F000DF7E8 /* Realm.framework in Frameworks */ = {isa = PBXBuildFile; fileRef = A643F55F1E28225F000DF7E8 /* Realm.framework */; };
		A643F5621E28225F000DF7E8 /* Realm.framework in Embed Frameworks */ = {isa = PBXBuildFile; fileRef = A643F55F1E28225F000DF7E8 /* Realm.framework */; settings = {ATTRIBUTES = (CodeSignOnCopy, RemoveHeadersOnCopy, ); }; };
		A643F5631E28225F000DF7E8 /* RealmSwift.framework in Frameworks */ = {isa = PBXBuildFile; fileRef = A643F5601E28225F000DF7E8 /* RealmSwift.framework */; };
		A643F5641E28225F000DF7E8 /* RealmSwift.framework in Embed Frameworks */ = {isa = PBXBuildFile; fileRef = A643F5601E28225F000DF7E8 /* RealmSwift.framework */; settings = {ATTRIBUTES = (CodeSignOnCopy, RemoveHeadersOnCopy, ); }; };
		A643F56D1E282289000DF7E8 /* ProximityRemindersTests.swift in Sources */ = {isa = PBXBuildFile; fileRef = A643F56C1E282289000DF7E8 /* ProximityRemindersTests.swift */; };
		A647AA951E28E94100298E57 /* RealmManager.swift in Sources */ = {isa = PBXBuildFile; fileRef = A647AA941E28E94100298E57 /* RealmManager.swift */; };
		A647AA9A1E28EC7800298E57 /* LocationManager.swift in Sources */ = {isa = PBXBuildFile; fileRef = A647AA991E28EC7800298E57 /* LocationManager.swift */; };
		A647AA9C1E28EEF400298E57 /* Reminder.swift in Sources */ = {isa = PBXBuildFile; fileRef = A647AA9B1E28EEF400298E57 /* Reminder.swift */; };
		A647AA9E1E28EFB600298E57 /* InOut.swift in Sources */ = {isa = PBXBuildFile; fileRef = A647AA9D1E28EFB600298E57 /* InOut.swift */; };
		A647AAA21E28FE8E00298E57 /* TypeHasCell.swift in Sources */ = {isa = PBXBuildFile; fileRef = A647AAA11E28FE8E00298E57 /* TypeHasCell.swift */; };
		A64BE0CC1E292F3100A840BD /* DetailViewController.swift in Sources */ = {isa = PBXBuildFile; fileRef = A64BE0CB1E292F3100A840BD /* DetailViewController.swift */; };
		A64BE0CF1E29332D00A840BD /* AppColor.swift in Sources */ = {isa = PBXBuildFile; fileRef = A64BE0CE1E29332D00A840BD /* AppColor.swift */; };
		A64BE0D31E2A34C100A840BD /* AppFont.swift in Sources */ = {isa = PBXBuildFile; fileRef = A64BE0D21E2A34C100A840BD /* AppFont.swift */; };
		A64BE0D51E2A372C00A840BD /* AppMargin.swift in Sources */ = {isa = PBXBuildFile; fileRef = A64BE0D41E2A372C00A840BD /* AppMargin.swift */; };
		A64BE0DF1E2AD46A00A840BD /* MKMapView Extensions.swift in Sources */ = {isa = PBXBuildFile; fileRef = A64BE0DE1E2AD46A00A840BD /* MKMapView Extensions.swift */; };
		A64E1FE71E2B63A7008793DF /* Location.swift in Sources */ = {isa = PBXBuildFile; fileRef = A64E1FE61E2B63A7008793DF /* Location.swift */; };
		A64E1FE91E2B689E008793DF /* MapViewController.swift in Sources */ = {isa = PBXBuildFile; fileRef = A64E1FE81E2B689E008793DF /* MapViewController.swift */; };
		A64E1FF11E2C12CA008793DF /* CLPlacemark Extension.swift in Sources */ = {isa = PBXBuildFile; fileRef = A64E1FF01E2C12CA008793DF /* CLPlacemark Extension.swift */; };
		A64E1FF31E2CC7F8008793DF /* Main.storyboard in Resources */ = {isa = PBXBuildFile; fileRef = A64E1FF21E2CC7F8008793DF /* Main.storyboard */; };
		A64E1FF51E2CCA9E008793DF /* LocationsTableViewController.swift in Sources */ = {isa = PBXBuildFile; fileRef = A64E1FF41E2CCA9E008793DF /* LocationsTableViewController.swift */; };
		A64E1FF71E2CCBBE008793DF /* LocationsDataSource.swift in Sources */ = {isa = PBXBuildFile; fileRef = A64E1FF61E2CCBBE008793DF /* LocationsDataSource.swift */; };
		A64E1FF91E2CCBCD008793DF /* RemindersDataSource.swift in Sources */ = {isa = PBXBuildFile; fileRef = A64E1FF81E2CCBCD008793DF /* RemindersDataSource.swift */; };
		A64E1FFB1E2CE828008793DF /* MapAnnotation.swift in Sources */ = {isa = PBXBuildFile; fileRef = A64E1FFA1E2CE828008793DF /* MapAnnotation.swift */; };
		A64E1FFD1E2CEDD1008793DF /* AppMap.swift in Sources */ = {isa = PBXBuildFile; fileRef = A64E1FFC1E2CEDD1008793DF /* AppMap.swift */; };
		A64E20011E2CFE54008793DF /* MapKit.framework in Frameworks */ = {isa = PBXBuildFile; fileRef = A64E20001E2CFE54008793DF /* MapKit.framework */; };
		A64E20031E2CFEF5008793DF /* CoreLocation.framework in Frameworks */ = {isa = PBXBuildFile; fileRef = A64E20021E2CFEF5008793DF /* CoreLocation.framework */; };
		A67C3D471E2828780016BF0A /* icon_180.png in Resources */ = {isa = PBXBuildFile; fileRef = A67C3D461E2828780016BF0A /* icon_180.png */; };
		A67C3D491E2828A90016BF0A /* icon_80.png in Resources */ = {isa = PBXBuildFile; fileRef = A67C3D481E2828A90016BF0A /* icon_80.png */; };
		A67C3D4D1E2829960016BF0A /* icon_29.png in Resources */ = {isa = PBXBuildFile; fileRef = A67C3D4A1E2829960016BF0A /* icon_29.png */; };
		A67C3D4F1E2829960016BF0A /* icon_87.png in Resources */ = {isa = PBXBuildFile; fileRef = A67C3D4C1E2829960016BF0A /* icon_87.png */; };
		A67C3D511E2829AD0016BF0A /* icon_58.png in Resources */ = {isa = PBXBuildFile; fileRef = A67C3D501E2829AD0016BF0A /* icon_58.png */; };
		A67C3D531E282A490016BF0A /* icon_57.png in Resources */ = {isa = PBXBuildFile; fileRef = A67C3D521E282A490016BF0A /* icon_57.png */; };
		A67C3D561E282A550016BF0A /* icon_60.png in Resources */ = {isa = PBXBuildFile; fileRef = A67C3D541E282A550016BF0A /* icon_60.png */; };
		A67C3D591E282A840016BF0A /* icon_120.png in Resources */ = {isa = PBXBuildFile; fileRef = A67C3D581E282A840016BF0A /* icon_120.png */; };
		A67C3D5B1E282AA80016BF0A /* icon_40.png in Resources */ = {isa = PBXBuildFile; fileRef = A67C3D5A1E282AA80016BF0A /* icon_40.png */; };
		A67C3D5D1E2830F00016BF0A /* Assets.xcassets in Resources */ = {isa = PBXBuildFile; fileRef = A643F5421E281AF0000DF7E8 /* Assets.xcassets */; };
/* End PBXBuildFile section */

/* Begin PBXContainerItemProxy section */
		A643F56F1E282289000DF7E8 /* PBXContainerItemProxy */ = {
			isa = PBXContainerItemProxy;
			containerPortal = A643F5301E281AF0000DF7E8 /* Project object */;
			proxyType = 1;
			remoteGlobalIDString = A643F5371E281AF0000DF7E8;
			remoteInfo = ProximityReminders;
		};
/* End PBXContainerItemProxy section */

/* Begin PBXCopyFilesBuildPhase section */
		A643F5651E28225F000DF7E8 /* Embed Frameworks */ = {
			isa = PBXCopyFilesBuildPhase;
			buildActionMask = 2147483647;
			dstPath = "";
			dstSubfolderSpec = 10;
			files = (
				A643F5641E28225F000DF7E8 /* RealmSwift.framework in Embed Frameworks */,
				A643F5621E28225F000DF7E8 /* Realm.framework in Embed Frameworks */,
			);
			name = "Embed Frameworks";
			runOnlyForDeploymentPostprocessing = 0;
		};
/* End PBXCopyFilesBuildPhase section */

/* Begin PBXFileReference section */
		A643F5381E281AF0000DF7E8 /* ProximityReminders.app */ = {isa = PBXFileReference; explicitFileType = wrapper.application; includeInIndex = 0; path = ProximityReminders.app; sourceTree = BUILT_PRODUCTS_DIR; };
		A643F53B1E281AF0000DF7E8 /* AppDelegate.swift */ = {isa = PBXFileReference; lastKnownFileType = sourcecode.swift; path = AppDelegate.swift; sourceTree = "<group>"; };
		A643F53D1E281AF0000DF7E8 /* MasterViewController.swift */ = {isa = PBXFileReference; lastKnownFileType = sourcecode.swift; path = MasterViewController.swift; sourceTree = "<group>"; };
		A643F5421E281AF0000DF7E8 /* Assets.xcassets */ = {isa = PBXFileReference; lastKnownFileType = folder.assetcatalog; path = Assets.xcassets; sourceTree = "<group>"; };
		A643F5451E281AF0000DF7E8 /* Base */ = {isa = PBXFileReference; lastKnownFileType = file.storyboard; name = Base; path = Base.lproj/LaunchScreen.storyboard; sourceTree = "<group>"; };
		A643F5471E281AF0000DF7E8 /* Info.plist */ = {isa = PBXFileReference; lastKnownFileType = text.plist.xml; path = Info.plist; sourceTree = "<group>"; };
		A643F5591E28212E000DF7E8 /* icon_114.png */ = {isa = PBXFileReference; lastKnownFileType = image.png; path = icon_114.png; sourceTree = "<group>"; };
		A643F55F1E28225F000DF7E8 /* Realm.framework */ = {isa = PBXFileReference; lastKnownFileType = wrapper.framework; path = Realm.framework; sourceTree = "<group>"; };
		A643F5601E28225F000DF7E8 /* RealmSwift.framework */ = {isa = PBXFileReference; lastKnownFileType = wrapper.framework; path = RealmSwift.framework; sourceTree = "<group>"; };
		A643F56A1E282289000DF7E8 /* ProximityRemindersTests.xctest */ = {isa = PBXFileReference; explicitFileType = wrapper.cfbundle; includeInIndex = 0; path = ProximityRemindersTests.xctest; sourceTree = BUILT_PRODUCTS_DIR; };
		A643F56C1E282289000DF7E8 /* ProximityRemindersTests.swift */ = {isa = PBXFileReference; lastKnownFileType = sourcecode.swift; path = ProximityRemindersTests.swift; sourceTree = "<group>"; };
		A643F56E1E282289000DF7E8 /* Info.plist */ = {isa = PBXFileReference; lastKnownFileType = text.plist.xml; path = Info.plist; sourceTree = "<group>"; };
		A647AA941E28E94100298E57 /* RealmManager.swift */ = {isa = PBXFileReference; fileEncoding = 4; lastKnownFileType = sourcecode.swift; path = RealmManager.swift; sourceTree = "<group>"; };
		A647AA991E28EC7800298E57 /* LocationManager.swift */ = {isa = PBXFileReference; fileEncoding = 4; lastKnownFileType = sourcecode.swift; path = LocationManager.swift; sourceTree = "<group>"; };
		A647AA9B1E28EEF400298E57 /* Reminder.swift */ = {isa = PBXFileReference; fileEncoding = 4; lastKnownFileType = sourcecode.swift; path = Reminder.swift; sourceTree = "<group>"; };
		A647AA9D1E28EFB600298E57 /* InOut.swift */ = {isa = PBXFileReference; fileEncoding = 4; lastKnownFileType = sourcecode.swift; path = InOut.swift; sourceTree = "<group>"; };
		A647AAA11E28FE8E00298E57 /* TypeHasCell.swift */ = {isa = PBXFileReference; fileEncoding = 4; lastKnownFileType = sourcecode.swift; path = TypeHasCell.swift; sourceTree = "<group>"; };
		A64BE0CB1E292F3100A840BD /* DetailViewController.swift */ = {isa = PBXFileReference; fileEncoding = 4; lastKnownFileType = sourcecode.swift; path = DetailViewController.swift; sourceTree = "<group>"; };
		A64BE0CE1E29332D00A840BD /* AppColor.swift */ = {isa = PBXFileReference; fileEncoding = 4; lastKnownFileType = sourcecode.swift; path = AppColor.swift; sourceTree = "<group>"; };
		A64BE0D21E2A34C100A840BD /* AppFont.swift */ = {isa = PBXFileReference; fileEncoding = 4; lastKnownFileType = sourcecode.swift; path = AppFont.swift; sourceTree = "<group>"; };
		A64BE0D41E2A372C00A840BD /* AppMargin.swift */ = {isa = PBXFileReference; fileEncoding = 4; lastKnownFileType = sourcecode.swift; path = AppMargin.swift; sourceTree = "<group>"; };
		A64BE0DE1E2AD46A00A840BD /* MKMapView Extensions.swift */ = {isa = PBXFileReference; fileEncoding = 4; lastKnownFileType = sourcecode.swift; path = "MKMapView Extensions.swift"; sourceTree = "<group>"; };
		A64E1FE61E2B63A7008793DF /* Location.swift */ = {isa = PBXFileReference; fileEncoding = 4; lastKnownFileType = sourcecode.swift; path = Location.swift; sourceTree = "<group>"; };
		A64E1FE81E2B689E008793DF /* MapViewController.swift */ = {isa = PBXFileReference; fileEncoding = 4; lastKnownFileType = sourcecode.swift; path = MapViewController.swift; sourceTree = "<group>"; };
		A64E1FF01E2C12CA008793DF /* CLPlacemark Extension.swift */ = {isa = PBXFileReference; fileEncoding = 4; lastKnownFileType = sourcecode.swift; path = "CLPlacemark Extension.swift"; sourceTree = "<group>"; };
		A64E1FF21E2CC7F8008793DF /* Main.storyboard */ = {isa = PBXFileReference; fileEncoding = 4; lastKnownFileType = file.storyboard; path = Main.storyboard; sourceTree = "<group>"; };
		A64E1FF41E2CCA9E008793DF /* LocationsTableViewController.swift */ = {isa = PBXFileReference; fileEncoding = 4; lastKnownFileType = sourcecode.swift; path = LocationsTableViewController.swift; sourceTree = "<group>"; };
		A64E1FF61E2CCBBE008793DF /* LocationsDataSource.swift */ = {isa = PBXFileReference; fileEncoding = 4; lastKnownFileType = sourcecode.swift; path = LocationsDataSource.swift; sourceTree = "<group>"; };
		A64E1FF81E2CCBCD008793DF /* RemindersDataSource.swift */ = {isa = PBXFileReference; fileEncoding = 4; lastKnownFileType = sourcecode.swift; path = RemindersDataSource.swift; sourceTree = "<group>"; };
		A64E1FFA1E2CE828008793DF /* MapAnnotation.swift */ = {isa = PBXFileReference; fileEncoding = 4; lastKnownFileType = sourcecode.swift; path = MapAnnotation.swift; sourceTree = "<group>"; };
		A64E1FFC1E2CEDD1008793DF /* AppMap.swift */ = {isa = PBXFileReference; fileEncoding = 4; lastKnownFileType = sourcecode.swift; path = AppMap.swift; sourceTree = "<group>"; };
		A64E1FFE1E2CFE4B008793DF /* ProximityReminders.entitlements */ = {isa = PBXFileReference; lastKnownFileType = text.plist.entitlements; path = ProximityReminders.entitlements; sourceTree = "<group>"; };
		A64E20001E2CFE54008793DF /* MapKit.framework */ = {isa = PBXFileReference; lastKnownFileType = wrapper.framework; name = MapKit.framework; path = System/Library/Frameworks/MapKit.framework; sourceTree = SDKROOT; };
		A64E20021E2CFEF5008793DF /* CoreLocation.framework */ = {isa = PBXFileReference; lastKnownFileType = wrapper.framework; name = CoreLocation.framework; path = System/Library/Frameworks/CoreLocation.framework; sourceTree = SDKROOT; };
		A67C3D461E2828780016BF0A /* icon_180.png */ = {isa = PBXFileReference; lastKnownFileType = image.png; path = icon_180.png; sourceTree = "<group>"; };
		A67C3D481E2828A90016BF0A /* icon_80.png */ = {isa = PBXFileReference; lastKnownFileType = image.png; path = icon_80.png; sourceTree = "<group>"; };
		A67C3D4A1E2829960016BF0A /* icon_29.png */ = {isa = PBXFileReference; lastKnownFileType = image.png; path = icon_29.png; sourceTree = "<group>"; };
		A67C3D4C1E2829960016BF0A /* icon_87.png */ = {isa = PBXFileReference; lastKnownFileType = image.png; path = icon_87.png; sourceTree = "<group>"; };
		A67C3D501E2829AD0016BF0A /* icon_58.png */ = {isa = PBXFileReference; lastKnownFileType = image.png; path = icon_58.png; sourceTree = "<group>"; };
		A67C3D521E282A490016BF0A /* icon_57.png */ = {isa = PBXFileReference; lastKnownFileType = image.png; path = icon_57.png; sourceTree = "<group>"; };
		A67C3D541E282A550016BF0A /* icon_60.png */ = {isa = PBXFileReference; lastKnownFileType = image.png; path = icon_60.png; sourceTree = "<group>"; };
		A67C3D581E282A840016BF0A /* icon_120.png */ = {isa = PBXFileReference; lastKnownFileType = image.png; path = icon_120.png; sourceTree = "<group>"; };
		A67C3D5A1E282AA80016BF0A /* icon_40.png */ = {isa = PBXFileReference; lastKnownFileType = image.png; path = icon_40.png; sourceTree = "<group>"; };
/* End PBXFileReference section */

/* Begin PBXFrameworksBuildPhase section */
		A643F5351E281AF0000DF7E8 /* Frameworks */ = {
			isa = PBXFrameworksBuildPhase;
			buildActionMask = 2147483647;
			files = (
				A64E20031E2CFEF5008793DF /* CoreLocation.framework in Frameworks */,
				A643F5631E28225F000DF7E8 /* RealmSwift.framework in Frameworks */,
				A64E20011E2CFE54008793DF /* MapKit.framework in Frameworks */,
				A643F5611E28225F000DF7E8 /* Realm.framework in Frameworks */,
			);
			runOnlyForDeploymentPostprocessing = 0;
		};
		A643F5671E282289000DF7E8 /* Frameworks */ = {
			isa = PBXFrameworksBuildPhase;
			buildActionMask = 2147483647;
			files = (
			);
			runOnlyForDeploymentPostprocessing = 0;
		};
/* End PBXFrameworksBuildPhase section */

/* Begin PBXGroup section */
		A643F52F1E281AF0000DF7E8 = {
			isa = PBXGroup;
			children = (
				A643F53A1E281AF0000DF7E8 /* ProximityReminders */,
				A643F56B1E282289000DF7E8 /* ProximityRemindersTests */,
				A643F5391E281AF0000DF7E8 /* Products */,
				A643F55F1E28225F000DF7E8 /* Realm.framework */,
				A643F5601E28225F000DF7E8 /* RealmSwift.framework */,
				A64E1FFF1E2CFE54008793DF /* Frameworks */,
			);
			sourceTree = "<group>";
		};
		A643F5391E281AF0000DF7E8 /* Products */ = {
			isa = PBXGroup;
			children = (
				A643F5381E281AF0000DF7E8 /* ProximityReminders.app */,
				A643F56A1E282289000DF7E8 /* ProximityRemindersTests.xctest */,
			);
			name = Products;
			sourceTree = "<group>";
		};
		A643F53A1E281AF0000DF7E8 /* ProximityReminders */ = {
			isa = PBXGroup;
			children = (
				A64E1FFE1E2CFE4B008793DF /* ProximityReminders.entitlements */,
				A64BE0CD1E29331B00A840BD /* Helpers */,
				A647AA961E28EAD700298E57 /* Model */,
				A647AA931E28E92000298E57 /* Managers */,
				A647AA921E28E91000298E57 /* Controllers */,
				A643F5561E28212E000DF7E8 /* SupplyFiles */,
				A643F53B1E281AF0000DF7E8 /* AppDelegate.swift */,
				A643F5421E281AF0000DF7E8 /* Assets.xcassets */,
				A643F5441E281AF0000DF7E8 /* LaunchScreen.storyboard */,
				A64E1FF21E2CC7F8008793DF /* Main.storyboard */,
				A643F5471E281AF0000DF7E8 /* Info.plist */,
			);
			path = ProximityReminders;
			sourceTree = "<group>";
		};
		A643F5561E28212E000DF7E8 /* SupplyFiles */ = {
			isa = PBXGroup;
			children = (
				A67C3D581E282A840016BF0A /* icon_120.png */,
				A67C3D5A1E282AA80016BF0A /* icon_40.png */,
				A67C3D541E282A550016BF0A /* icon_60.png */,
				A67C3D501E2829AD0016BF0A /* icon_58.png */,
				A67C3D521E282A490016BF0A /* icon_57.png */,
				A67C3D4A1E2829960016BF0A /* icon_29.png */,
				A67C3D4C1E2829960016BF0A /* icon_87.png */,
				A67C3D481E2828A90016BF0A /* icon_80.png */,
				A67C3D461E2828780016BF0A /* icon_180.png */,
				A643F5591E28212E000DF7E8 /* icon_114.png */,
			);
			path = SupplyFiles;
			sourceTree = "<group>";
		};
		A643F56B1E282289000DF7E8 /* ProximityRemindersTests */ = {
			isa = PBXGroup;
			children = (
				A643F56C1E282289000DF7E8 /* ProximityRemindersTests.swift */,
				A643F56E1E282289000DF7E8 /* Info.plist */,
			);
			path = ProximityRemindersTests;
			sourceTree = "<group>";
		};
		A647AA921E28E91000298E57 /* Controllers */ = {
			isa = PBXGroup;
			children = (
				A643F53D1E281AF0000DF7E8 /* MasterViewController.swift */,
				A64BE0CB1E292F3100A840BD /* DetailViewController.swift */,
				A64E1FE81E2B689E008793DF /* MapViewController.swift */,
				A64E1FF41E2CCA9E008793DF /* LocationsTableViewController.swift */,
			);
			name = Controllers;
			sourceTree = "<group>";
		};
		A647AA931E28E92000298E57 /* Managers */ = {
			isa = PBXGroup;
			children = (
				A647AA941E28E94100298E57 /* RealmManager.swift */,
				A647AA991E28EC7800298E57 /* LocationManager.swift */,
			);
			name = Managers;
			sourceTree = "<group>";
		};
		A647AA961E28EAD700298E57 /* Model */ = {
			isa = PBXGroup;
			children = (
				A647AA9B1E28EEF400298E57 /* Reminder.swift */,
				A647AA9D1E28EFB600298E57 /* InOut.swift */,
				A647AAA11E28FE8E00298E57 /* TypeHasCell.swift */,
				A64E1FE61E2B63A7008793DF /* Location.swift */,
				A64E1FF61E2CCBBE008793DF /* LocationsDataSource.swift */,
				A64E1FF81E2CCBCD008793DF /* RemindersDataSource.swift */,
				A64E1FFA1E2CE828008793DF /* MapAnnotation.swift */,
			);
			name = Model;
			sourceTree = "<group>";
		};
		A64BE0CD1E29331B00A840BD /* Helpers */ = {
			isa = PBXGroup;
			children = (
				A64E1FFC1E2CEDD1008793DF /* AppMap.swift */,
				A64BE0CE1E29332D00A840BD /* AppColor.swift */,
				A64BE0D21E2A34C100A840BD /* AppFont.swift */,
				A64BE0D41E2A372C00A840BD /* AppMargin.swift */,
				A64BE0DE1E2AD46A00A840BD /* MKMapView Extensions.swift */,
				A64E1FF01E2C12CA008793DF /* CLPlacemark Extension.swift */,
			);
			name = Helpers;
			sourceTree = "<group>";
		};
		A64E1FFF1E2CFE54008793DF /* Frameworks */ = {
			isa = PBXGroup;
			children = (
				A64E20021E2CFEF5008793DF /* CoreLocation.framework */,
				A64E20001E2CFE54008793DF /* MapKit.framework */,
			);
			name = Frameworks;
			sourceTree = "<group>";
		};
/* End PBXGroup section */

/* Begin PBXNativeTarget section */
		A643F5371E281AF0000DF7E8 /* ProximityReminders */ = {
			isa = PBXNativeTarget;
			buildConfigurationList = A643F54A1E281AF0000DF7E8 /* Build configuration list for PBXNativeTarget "ProximityReminders" */;
			buildPhases = (
				A643F5341E281AF0000DF7E8 /* Sources */,
				A643F5351E281AF0000DF7E8 /* Frameworks */,
				A643F5361E281AF0000DF7E8 /* Resources */,
				A643F5651E28225F000DF7E8 /* Embed Frameworks */,
				A643F5741E28236A000DF7E8 /* ShellScript */,
			);
			buildRules = (
			);
			dependencies = (
			);
			name = ProximityReminders;
			productName = ProximityReminders;
			productReference = A643F5381E281AF0000DF7E8 /* ProximityReminders.app */;
			productType = "com.apple.product-type.application";
		};
		A643F5691E282289000DF7E8 /* ProximityRemindersTests */ = {
			isa = PBXNativeTarget;
			buildConfigurationList = A643F5711E282289000DF7E8 /* Build configuration list for PBXNativeTarget "ProximityRemindersTests" */;
			buildPhases = (
				A643F5661E282289000DF7E8 /* Sources */,
				A643F5671E282289000DF7E8 /* Frameworks */,
				A643F5681E282289000DF7E8 /* Resources */,
			);
			buildRules = (
			);
			dependencies = (
				A643F5701E282289000DF7E8 /* PBXTargetDependency */,
			);
			name = ProximityRemindersTests;
			productName = ProximityRemindersTests;
			productReference = A643F56A1E282289000DF7E8 /* ProximityRemindersTests.xctest */;
			productType = "com.apple.product-type.bundle.unit-test";
		};
/* End PBXNativeTarget section */

/* Begin PBXProject section */
		A643F5301E281AF0000DF7E8 /* Project object */ = {
			isa = PBXProject;
			attributes = {
				LastSwiftUpdateCheck = 0820;
				LastUpgradeCheck = 0820;
				ORGANIZATIONNAME = zzheads;
				TargetAttributes = {
					A643F5371E281AF0000DF7E8 = {
						CreatedOnToolsVersion = 8.2.1;
						DevelopmentTeam = RS93W547X8;
						ProvisioningStyle = Automatic;
						SystemCapabilities = {
							com.apple.BackgroundModes = {
								enabled = 1;
							};
							com.apple.Maps.iOS = {
								enabled = 1;
							};
							com.apple.Push = {
								enabled = 1;
							};
						};
					};
					A643F5691E282289000DF7E8 = {
						CreatedOnToolsVersion = 8.2.1;
						DevelopmentTeam = RS93W547X8;
						ProvisioningStyle = Automatic;
						TestTargetID = A643F5371E281AF0000DF7E8;
					};
				};
			};
			buildConfigurationList = A643F5331E281AF0000DF7E8 /* Build configuration list for PBXProject "ProximityReminders" */;
			compatibilityVersion = "Xcode 3.2";
			developmentRegion = English;
			hasScannedForEncodings = 0;
			knownRegions = (
				en,
				Base,
			);
			mainGroup = A643F52F1E281AF0000DF7E8;
			productRefGroup = A643F5391E281AF0000DF7E8 /* Products */;
			projectDirPath = "";
			projectRoot = "";
			targets = (
				A643F5371E281AF0000DF7E8 /* ProximityReminders */,
				A643F5691E282289000DF7E8 /* ProximityRemindersTests */,
			);
		};
/* End PBXProject section */

/* Begin PBXResourcesBuildPhase section */
		A643F5361E281AF0000DF7E8 /* Resources */ = {
			isa = PBXResourcesBuildPhase;
			buildActionMask = 2147483647;
			files = (
				A67C3D591E282A840016BF0A /* icon_120.png in Resources */,
				A67C3D471E2828780016BF0A /* icon_180.png in Resources */,
				A643F55D1E28212E000DF7E8 /* icon_114.png in Resources */,
				A67C3D561E282A550016BF0A /* icon_60.png in Resources */,
				A67C3D5D1E2830F00016BF0A /* Assets.xcassets in Resources */,
				A67C3D491E2828A90016BF0A /* icon_80.png in Resources */,
				A67C3D531E282A490016BF0A /* icon_57.png in Resources */,
				A64E1FF31E2CC7F8008793DF /* Main.storyboard in Resources */,
				A67C3D5B1E282AA80016BF0A /* icon_40.png in Resources */,
				A643F5461E281AF0000DF7E8 /* LaunchScreen.storyboard in Resources */,
				A67C3D4D1E2829960016BF0A /* icon_29.png in Resources */,
				A67C3D4F1E2829960016BF0A /* icon_87.png in Resources */,
				A67C3D511E2829AD0016BF0A /* icon_58.png in Resources */,
			);
			runOnlyForDeploymentPostprocessing = 0;
		};
		A643F5681E282289000DF7E8 /* Resources */ = {
			isa = PBXResourcesBuildPhase;
			buildActionMask = 2147483647;
			files = (
			);
			runOnlyForDeploymentPostprocessing = 0;
		};
/* End PBXResourcesBuildPhase section */

/* Begin PBXShellScriptBuildPhase section */
		A643F5741E28236A000DF7E8 /* ShellScript */ = {
			isa = PBXShellScriptBuildPhase;
			buildActionMask = 2147483647;
			files = (
			);
			inputPaths = (
			);
			outputPaths = (
			);
			runOnlyForDeploymentPostprocessing = 0;
			shellPath = /bin/sh;
			shellScript = "bash \"${BUILT_PRODUCTS_DIR}/${FRAMEWORKS_FOLDER_PATH}/Realm.framework/strip-frameworks.sh\"";
		};
/* End PBXShellScriptBuildPhase section */

/* Begin PBXSourcesBuildPhase section */
		A643F5341E281AF0000DF7E8 /* Sources */ = {
			isa = PBXSourcesBuildPhase;
			buildActionMask = 2147483647;
			files = (
				A64BE0CC1E292F3100A840BD /* DetailViewController.swift in Sources */,
				A64E1FF71E2CCBBE008793DF /* LocationsDataSource.swift in Sources */,
				A64E1FF91E2CCBCD008793DF /* RemindersDataSource.swift in Sources */,
				A64E1FF51E2CCA9E008793DF /* LocationsTableViewController.swift in Sources */,
				A64E1FF11E2C12CA008793DF /* CLPlacemark Extension.swift in Sources */,
				A647AA9A1E28EC7800298E57 /* LocationManager.swift in Sources */,
				A64BE0CF1E29332D00A840BD /* AppColor.swift in Sources */,
				A647AAA21E28FE8E00298E57 /* TypeHasCell.swift in Sources */,
				A64BE0D31E2A34C100A840BD /* AppFont.swift in Sources */,
				A64E1FE71E2B63A7008793DF /* Location.swift in Sources */,
				A64BE0DF1E2AD46A00A840BD /* MKMapView Extensions.swift in Sources */,
				A647AA9E1E28EFB600298E57 /* InOut.swift in Sources */,
				A643F53E1E281AF0000DF7E8 /* MasterViewController.swift in Sources */,
				A643F53C1E281AF0000DF7E8 /* AppDelegate.swift in Sources */,
				A64BE0D51E2A372C00A840BD /* AppMargin.swift in Sources */,
				A647AA951E28E94100298E57 /* RealmManager.swift in Sources */,
				A64E1FE91E2B689E008793DF /* MapViewController.swift in Sources */,
				A64E1FFB1E2CE828008793DF /* MapAnnotation.swift in Sources */,
				A64E1FFD1E2CEDD1008793DF /* AppMap.swift in Sources */,
				A647AA9C1E28EEF400298E57 /* Reminder.swift in Sources */,
			);
			runOnlyForDeploymentPostprocessing = 0;
		};
		A643F5661E282289000DF7E8 /* Sources */ = {
			isa = PBXSourcesBuildPhase;
			buildActionMask = 2147483647;
			files = (
				A643F56D1E282289000DF7E8 /* ProximityRemindersTests.swift in Sources */,
			);
			runOnlyForDeploymentPostprocessing = 0;
		};
/* End PBXSourcesBuildPhase section */

/* Begin PBXTargetDependency section */
		A643F5701E282289000DF7E8 /* PBXTargetDependency */ = {
			isa = PBXTargetDependency;
			target = A643F5371E281AF0000DF7E8 /* ProximityReminders */;
			targetProxy = A643F56F1E282289000DF7E8 /* PBXContainerItemProxy */;
		};
/* End PBXTargetDependency section */

/* Begin PBXVariantGroup section */
		A643F5441E281AF0000DF7E8 /* LaunchScreen.storyboard */ = {
			isa = PBXVariantGroup;
			children = (
				A643F5451E281AF0000DF7E8 /* Base */,
			);
			name = LaunchScreen.storyboard;
			sourceTree = "<group>";
		};
/* End PBXVariantGroup section */

/* Begin XCBuildConfiguration section */
		A643F5481E281AF0000DF7E8 /* Debug */ = {
			isa = XCBuildConfiguration;
			buildSettings = {
				ALWAYS_SEARCH_USER_PATHS = NO;
				CLANG_ANALYZER_NONNULL = YES;
				CLANG_CXX_LANGUAGE_STANDARD = "gnu++0x";
				CLANG_CXX_LIBRARY = "libc++";
				CLANG_ENABLE_MODULES = YES;
				CLANG_ENABLE_OBJC_ARC = YES;
				CLANG_WARN_BOOL_CONVERSION = YES;
				CLANG_WARN_CONSTANT_CONVERSION = YES;
				CLANG_WARN_DIRECT_OBJC_ISA_USAGE = YES_ERROR;
				CLANG_WARN_DOCUMENTATION_COMMENTS = YES;
				CLANG_WARN_EMPTY_BODY = YES;
				CLANG_WARN_ENUM_CONVERSION = YES;
				CLANG_WARN_INFINITE_RECURSION = YES;
				CLANG_WARN_INT_CONVERSION = YES;
				CLANG_WARN_OBJC_ROOT_CLASS = YES_ERROR;
				CLANG_WARN_SUSPICIOUS_MOVE = YES;
				CLANG_WARN_UNREACHABLE_CODE = YES;
				CLANG_WARN__DUPLICATE_METHOD_MATCH = YES;
				"CODE_SIGN_IDENTITY[sdk=iphoneos*]" = "iPhone Developer";
				COPY_PHASE_STRIP = NO;
				DEBUG_INFORMATION_FORMAT = dwarf;
				ENABLE_STRICT_OBJC_MSGSEND = YES;
				ENABLE_TESTABILITY = YES;
				GCC_C_LANGUAGE_STANDARD = gnu99;
				GCC_DYNAMIC_NO_PIC = NO;
				GCC_NO_COMMON_BLOCKS = YES;
				GCC_OPTIMIZATION_LEVEL = 0;
				GCC_PREPROCESSOR_DEFINITIONS = (
					"DEBUG=1",
					"$(inherited)",
				);
				GCC_WARN_64_TO_32_BIT_CONVERSION = YES;
				GCC_WARN_ABOUT_RETURN_TYPE = YES_ERROR;
				GCC_WARN_UNDECLARED_SELECTOR = YES;
				GCC_WARN_UNINITIALIZED_AUTOS = YES_AGGRESSIVE;
				GCC_WARN_UNUSED_FUNCTION = YES;
				GCC_WARN_UNUSED_VARIABLE = YES;
				IPHONEOS_DEPLOYMENT_TARGET = 10.2;
				MTL_ENABLE_DEBUG_INFO = YES;
				ONLY_ACTIVE_ARCH = YES;
				SDKROOT = iphoneos;
				SWIFT_ACTIVE_COMPILATION_CONDITIONS = DEBUG;
				SWIFT_OPTIMIZATION_LEVEL = "-Onone";
			};
			name = Debug;
		};
		A643F5491E281AF0000DF7E8 /* Release */ = {
			isa = XCBuildConfiguration;
			buildSettings = {
				ALWAYS_SEARCH_USER_PATHS = NO;
				CLANG_ANALYZER_NONNULL = YES;
				CLANG_CXX_LANGUAGE_STANDARD = "gnu++0x";
				CLANG_CXX_LIBRARY = "libc++";
				CLANG_ENABLE_MODULES = YES;
				CLANG_ENABLE_OBJC_ARC = YES;
				CLANG_WARN_BOOL_CONVERSION = YES;
				CLANG_WARN_CONSTANT_CONVERSION = YES;
				CLANG_WARN_DIRECT_OBJC_ISA_USAGE = YES_ERROR;
				CLANG_WARN_DOCUMENTATION_COMMENTS = YES;
				CLANG_WARN_EMPTY_BODY = YES;
				CLANG_WARN_ENUM_CONVERSION = YES;
				CLANG_WARN_INFINITE_RECURSION = YES;
				CLANG_WARN_INT_CONVERSION = YES;
				CLANG_WARN_OBJC_ROOT_CLASS = YES_ERROR;
				CLANG_WARN_SUSPICIOUS_MOVE = YES;
				CLANG_WARN_UNREACHABLE_CODE = YES;
				CLANG_WARN__DUPLICATE_METHOD_MATCH = YES;
				"CODE_SIGN_IDENTITY[sdk=iphoneos*]" = "iPhone Developer";
				COPY_PHASE_STRIP = NO;
				DEBUG_INFORMATION_FORMAT = "dwarf-with-dsym";
				ENABLE_NS_ASSERTIONS = NO;
				ENABLE_STRICT_OBJC_MSGSEND = YES;
				GCC_C_LANGUAGE_STANDARD = gnu99;
				GCC_NO_COMMON_BLOCKS = YES;
				GCC_WARN_64_TO_32_BIT_CONVERSION = YES;
				GCC_WARN_ABOUT_RETURN_TYPE = YES_ERROR;
				GCC_WARN_UNDECLARED_SELECTOR = YES;
				GCC_WARN_UNINITIALIZED_AUTOS = YES_AGGRESSIVE;
				GCC_WARN_UNUSED_FUNCTION = YES;
				GCC_WARN_UNUSED_VARIABLE = YES;
				IPHONEOS_DEPLOYMENT_TARGET = 10.2;
				MTL_ENABLE_DEBUG_INFO = NO;
				SDKROOT = iphoneos;
				SWIFT_OPTIMIZATION_LEVEL = "-Owholemodule";
				VALIDATE_PRODUCT = YES;
			};
			name = Release;
		};
		A643F54B1E281AF0000DF7E8 /* Debug */ = {
			isa = XCBuildConfiguration;
			buildSettings = {
				ASSETCATALOG_COMPILER_APPICON_NAME = AppIcon;
				CODE_SIGN_ENTITLEMENTS = ProximityReminders/ProximityReminders.entitlements;
				DEVELOPMENT_TEAM = RS93W547X8;
				FRAMEWORK_SEARCH_PATHS = (
					"$(inherited)",
					"$(PROJECT_DIR)",
				);
				INFOPLIST_FILE = ProximityReminders/Info.plist;
				IPHONEOS_DEPLOYMENT_TARGET = 9.0;
				LD_RUNPATH_SEARCH_PATHS = "$(inherited) @executable_path/Frameworks";
				PRODUCT_BUNDLE_IDENTIFIER = com.zzheads.ProximityReminders;
				PRODUCT_NAME = "$(TARGET_NAME)";
				SWIFT_VERSION = 3.0;
			};
			name = Debug;
		};
		A643F54C1E281AF0000DF7E8 /* Release */ = {
			isa = XCBuildConfiguration;
			buildSettings = {
				ASSETCATALOG_COMPILER_APPICON_NAME = AppIcon;
				CODE_SIGN_ENTITLEMENTS = ProximityReminders/ProximityReminders.entitlements;
				DEVELOPMENT_TEAM = RS93W547X8;
				FRAMEWORK_SEARCH_PATHS = (
					"$(inherited)",
					"$(PROJECT_DIR)",
				);
				INFOPLIST_FILE = ProximityReminders/Info.plist;
				IPHONEOS_DEPLOYMENT_TARGET = 9.0;
				LD_RUNPATH_SEARCH_PATHS = "$(inherited) @executable_path/Frameworks";
				PRODUCT_BUNDLE_IDENTIFIER = com.zzheads.ProximityReminders;
				PRODUCT_NAME = "$(TARGET_NAME)";
				SWIFT_VERSION = 3.0;
			};
			name = Release;
		};
		A643F5721E282289000DF7E8 /* Debug */ = {
			isa = XCBuildConfiguration;
			buildSettings = {
				BUNDLE_LOADER = "$(TEST_HOST)";
				DEVELOPMENT_TEAM = RS93W547X8;
				FRAMEWORK_SEARCH_PATHS = "/Users/zzheads/XCode/realm-swift-2.1.2/ios/swift-3.0.2";
				INFOPLIST_FILE = ProximityRemindersTests/Info.plist;
				LD_RUNPATH_SEARCH_PATHS = "$(inherited) @executable_path/Frameworks @loader_path/Frameworks";
				PRODUCT_BUNDLE_IDENTIFIER = com.zzheads.ProximityRemindersTests;
				PRODUCT_NAME = "$(TARGET_NAME)";
				SWIFT_VERSION = 3.0;
				TEST_HOST = "$(BUILT_PRODUCTS_DIR)/ProximityReminders.app/ProximityReminders";
			};
			name = Debug;
		};
		A643F5731E282289000DF7E8 /* Release */ = {
			isa = XCBuildConfiguration;
			buildSettings = {
				BUNDLE_LOADER = "$(TEST_HOST)";
				DEVELOPMENT_TEAM = RS93W547X8;
				FRAMEWORK_SEARCH_PATHS = "/Users/zzheads/XCode/realm-swift-2.1.2/ios/swift-3.0.2";
				INFOPLIST_FILE = ProximityRemindersTests/Info.plist;
				LD_RUNPATH_SEARCH_PATHS = "$(inherited) @executable_path/Frameworks @loader_path/Frameworks";
				PRODUCT_BUNDLE_IDENTIFIER = com.zzheads.ProximityRemindersTests;
				PRODUCT_NAME = "$(TARGET_NAME)";
				SWIFT_VERSION = 3.0;
				TEST_HOST = "$(BUILT_PRODUCTS_DIR)/ProximityReminders.app/ProximityReminders";
			};
			name = Release;
		};
/* End XCBuildConfiguration section */

/* Begin XCConfigurationList section */
		A643F5331E281AF0000DF7E8 /* Build configuration list for PBXProject "ProximityReminders" */ = {
			isa = XCConfigurationList;
			buildConfigurations = (
				A643F5481E281AF0000DF7E8 /* Debug */,
				A643F5491E281AF0000DF7E8 /* Release */,
			);
			defaultConfigurationIsVisible = 0;
			defaultConfigurationName = Release;
		};
		A643F54A1E281AF0000DF7E8 /* Build configuration list for PBXNativeTarget "ProximityReminders" */ = {
			isa = XCConfigurationList;
			buildConfigurations = (
				A643F54B1E281AF0000DF7E8 /* Debug */,
				A643F54C1E281AF0000DF7E8 /* Release */,
			);
			defaultConfigurationIsVisible = 0;
			defaultConfigurationName = Release;
		};
		A643F5711E282289000DF7E8 /* Build configuration list for PBXNativeTarget "ProximityRemindersTests" */ = {
			isa = XCConfigurationList;
			buildConfigurations = (
				A643F5721E282289000DF7E8 /* Debug */,
				A643F5731E282289000DF7E8 /* Release */,
			);
			defaultConfigurationIsVisible = 0;
			defaultConfigurationName = Release;
		};
/* End XCConfigurationList section */
	};
	rootObject = A643F5301E281AF0000DF7E8 /* Project object */;
}
